
Microsoft Visual Studio Solution File, Format Version 12.00
# Visual Studio Version 17
VisualStudioVersion = 17.5.33516.290
MinimumVisualStudioVersion = 10.0.40219.1
Project("{FAE04EC0-301F-11D3-BF4B-00C04F79EFBC}") = "BookstoreApp", "BookstoreApp.csproj", "{F888CB86-91DE-4C96-A37B-6A613AED9516}"
EndProject
Global
	GlobalSection(SolutionConfigurationPlatforms) = preSolution
		Debug|Any CPU = Debug|Any CPU
		Release|Any CPU = Release|Any CPU
	EndGlobalSection
	GlobalSection(ProjectConfigurationPlatforms) = postSolution
		{F888CB86-91DE-4C96-A37B-6A613AED9516}.Debug|Any CPU.ActiveCfg = Debug|Any CPU
		{F888CB86-91DE-4C96-A37B-6A613AED9516}.Debug|Any CPU.Build.0 = Debug|Any CPU
		{F888CB86-91DE-4C96-A37B-6A613AED9516}.Release|Any CPU.ActiveCfg = Release|Any CPU
		{F888CB86-91DE-4C96-A37B-6A613AED9516}.Release|Any CPU.Build.0 = Release|Any CPU
	EndGlobalSection
	GlobalSection(SolutionProperties) = preSolution
		HideSolutionNode = FALSE
	EndGlobalSection
	GlobalSection(ExtensibilityGlobals) = postSolution
		SolutionGuid = {ADD56859-6563-4F7F-B17B-48E46062CD56}
	EndGlobalSection
EndGlobal
